
Microsoft Visual Studio Solution File, Format Version 12.00
# Visual Studio Version 16
VisualStudioVersion = 16.0.31515.178
MinimumVisualStudioVersion = 10.0.40219.1
Project("{FAE04EC0-301F-11D3-BF4B-00C04F79EFBC}") = "LanchesMacV1", "LanchesMacV1\LanchesMacV1.csproj", "{EADCD1C2-D2BB-4AA5-9D46-8A38A0317DA7}"
EndProject
Global
	GlobalSection(SolutionConfigurationPlatforms) = preSolution
		Debug|Any CPU = Debug|Any CPU
		Release|Any CPU = Release|Any CPU
	EndGlobalSection
	GlobalSection(ProjectConfigurationPlatforms) = postSolution
		{EADCD1C2-D2BB-4AA5-9D46-8A38A0317DA7}.Debug|Any CPU.ActiveCfg = Debug|Any CPU
		{EADCD1C2-D2BB-4AA5-9D46-8A38A0317DA7}.Debug|Any CPU.Build.0 = Debug|Any CPU
		{EADCD1C2-D2BB-4AA5-9D46-8A38A0317DA7}.Release|Any CPU.ActiveCfg = Release|Any CPU
		{EADCD1C2-D2BB-4AA5-9D46-8A38A0317DA7}.Release|Any CPU.Build.0 = Release|Any CPU
	EndGlobalSection
	GlobalSection(SolutionProperties) = preSolution
		HideSolutionNode = FALSE
	EndGlobalSection
	GlobalSection(ExtensibilityGlobals) = postSolution
		SolutionGuid = {014765F4-400C-4B10-A0E7-8CE1FB98E567}
	EndGlobalSection
EndGlobal
